
Microsoft Visual Studio Solution File, Format Version 12.00
# Visual Studio Version 17
VisualStudioVersion = 17.11.35208.52
MinimumVisualStudioVersion = 10.0.40219.1
Project("{FAE04EC0-301F-11D3-BF4B-00C04F79EFBC}") = "POS", "POS\POS.csproj", "{FF70B6F9-D233-4BFA-A34E-9ABDD0F0896E}"
EndProject
Global
	GlobalSection(SolutionConfigurationPlatforms) = preSolution
		Debug|Any CPU = Debug|Any CPU
		Release|Any CPU = Release|Any CPU
	EndGlobalSection
	GlobalSection(ProjectConfigurationPlatforms) = postSolution
		{FF70B6F9-D233-4BFA-A34E-9ABDD0F0896E}.Debug|Any CPU.ActiveCfg = Debug|Any CPU
		{FF70B6F9-D233-4BFA-A34E-9ABDD0F0896E}.Debug|Any CPU.Build.0 = Debug|Any CPU
		{FF70B6F9-D233-4BFA-A34E-9ABDD0F0896E}.Release|Any CPU.ActiveCfg = Release|Any CPU
		{FF70B6F9-D233-4BFA-A34E-9ABDD0F0896E}.Release|Any CPU.Build.0 = Release|Any CPU
	EndGlobalSection
	GlobalSection(SolutionProperties) = preSolution
		HideSolutionNode = FALSE
	EndGlobalSection
	GlobalSection(ExtensibilityGlobals) = postSolution
		SolutionGuid = {6BA77031-2E8C-419A-B00B-B752B60C4D4B}
	EndGlobalSection
EndGlobal
